
Microsoft Visual Studio Solution File, Format Version 12.00
# Visual Studio Version 16
VisualStudioVersion = 16.0.32929.386
MinimumVisualStudioVersion = 10.0.40219.1
Project("{FAE04EC0-301F-11D3-BF4B-00C04F79EFBC}") = "Test02", "Test02\Test02.csproj", "{D1B5453F-AA6C-4A93-9CE6-FE1748CB9E74}"
EndProject
Global
	GlobalSection(SolutionConfigurationPlatforms) = preSolution
		Debug|Any CPU = Debug|Any CPU
		Release|Any CPU = Release|Any CPU
	EndGlobalSection
	GlobalSection(ProjectConfigurationPlatforms) = postSolution
		{D1B5453F-AA6C-4A93-9CE6-FE1748CB9E74}.Debug|Any CPU.ActiveCfg = Debug|Any CPU
		{D1B5453F-AA6C-4A93-9CE6-FE1748CB9E74}.Debug|Any CPU.Build.0 = Debug|Any CPU
		{D1B5453F-AA6C-4A93-9CE6-FE1748CB9E74}.Release|Any CPU.ActiveCfg = Release|Any CPU
		{D1B5453F-AA6C-4A93-9CE6-FE1748CB9E74}.Release|Any CPU.Build.0 = Release|Any CPU
	EndGlobalSection
	GlobalSection(SolutionProperties) = preSolution
		HideSolutionNode = FALSE
	EndGlobalSection
	GlobalSection(ExtensibilityGlobals) = postSolution
		SolutionGuid = {7D8EBC54-3918-45E2-9302-CD0D302E2CF0}
	EndGlobalSection
EndGlobal
